
Microsoft Visual Studio Solution File, Format Version 12.00
# Visual Studio 2013
VisualStudioVersion = 12.0.21005.1
MinimumVisualStudioVersion = 10.0.40219.1
Project("{8BC9CEB8-8B4A-11D0-8D11-00A0C91BC942}") = "Polygon", "Polygon\Polygon.vcxproj", "{96B9E78D-2356-4880-B6E7-F37CEF16C1A4}"
EndProject
Project("{8BC9CEB8-8B4A-11D0-8D11-00A0C91BC942}") = "PolygonPS", "Polygon\PolygonPS.vcxproj", "{D93CCAA4-46BE-4D5F-B394-D43D1F5EDE56}"
	ProjectSection(ProjectDependencies) = postProject
		{96B9E78D-2356-4880-B6E7-F37CEF16C1A4} = {96B9E78D-2356-4880-B6E7-F37CEF16C1A4}
	EndProjectSection
EndProject
Project("{F184B08F-C81C-45F6-A57F-5ABD9991F28F}") = "WindowsApplication1", "WindowsApplication1\WindowsApplication1.vbproj", "{E774770F-D5A0-4232-AF0D-D3B4CF26EC46}"
EndProject
Project("{8BC9CEB8-8B4A-11D0-8D11-00A0C91BC942}") = "polygon_cli", "polygon_cli\polygon_cli.vcxproj", "{8AC3DB63-D6C8-4988-B458-4B5927E5C56E}"
EndProject
Global
	GlobalSection(SolutionConfigurationPlatforms) = preSolution
		Debug|Any CPU = Debug|Any CPU
		Debug|Mixed Platforms = Debug|Mixed Platforms
		Debug|Win32 = Debug|Win32
		Release|Any CPU = Release|Any CPU
		Release|Mixed Platforms = Release|Mixed Platforms
		Release|Win32 = Release|Win32
	EndGlobalSection
	GlobalSection(ProjectConfigurationPlatforms) = postSolution
		{96B9E78D-2356-4880-B6E7-F37CEF16C1A4}.Debug|Any CPU.ActiveCfg = Debug|Win32
		{96B9E78D-2356-4880-B6E7-F37CEF16C1A4}.Debug|Mixed Platforms.ActiveCfg = Debug|Win32
		{96B9E78D-2356-4880-B6E7-F37CEF16C1A4}.Debug|Mixed Platforms.Build.0 = Debug|Win32
		{96B9E78D-2356-4880-B6E7-F37CEF16C1A4}.Debug|Win32.ActiveCfg = Debug|Win32
		{96B9E78D-2356-4880-B6E7-F37CEF16C1A4}.Debug|Win32.Build.0 = Debug|Win32
		{96B9E78D-2356-4880-B6E7-F37CEF16C1A4}.Release|Any CPU.ActiveCfg = Release|Win32
		{96B9E78D-2356-4880-B6E7-F37CEF16C1A4}.Release|Mixed Platforms.ActiveCfg = Release|Win32
		{96B9E78D-2356-4880-B6E7-F37CEF16C1A4}.Release|Mixed Platforms.Build.0 = Release|Win32
		{96B9E78D-2356-4880-B6E7-F37CEF16C1A4}.Release|Win32.ActiveCfg = Release|Win32
		{96B9E78D-2356-4880-B6E7-F37CEF16C1A4}.Release|Win32.Build.0 = Release|Win32
		{D93CCAA4-46BE-4D5F-B394-D43D1F5EDE56}.Debug|Any CPU.ActiveCfg = Debug|Win32
		{D93CCAA4-46BE-4D5F-B394-D43D1F5EDE56}.Debug|Mixed Platforms.ActiveCfg = Debug|Win32
		{D93CCAA4-46BE-4D5F-B394-D43D1F5EDE56}.Debug|Mixed Platforms.Build.0 = Debug|Win32
		{D93CCAA4-46BE-4D5F-B394-D43D1F5EDE56}.Debug|Win32.ActiveCfg = Debug|Win32
		{D93CCAA4-46BE-4D5F-B394-D43D1F5EDE56}.Release|Any CPU.ActiveCfg = Release|Win32
		{D93CCAA4-46BE-4D5F-B394-D43D1F5EDE56}.Release|Mixed Platforms.ActiveCfg = Release|Win32
		{D93CCAA4-46BE-4D5F-B394-D43D1F5EDE56}.Release|Mixed Platforms.Build.0 = Release|Win32
		{D93CCAA4-46BE-4D5F-B394-D43D1F5EDE56}.Release|Win32.ActiveCfg = Release|Win32
		{E774770F-D5A0-4232-AF0D-D3B4CF26EC46}.Debug|Any CPU.ActiveCfg = Debug|Any CPU
		{E774770F-D5A0-4232-AF0D-D3B4CF26EC46}.Debug|Any CPU.Build.0 = Debug|Any CPU
		{E774770F-D5A0-4232-AF0D-D3B4CF26EC46}.Debug|Mixed Platforms.ActiveCfg = Debug|Any CPU
		{E774770F-D5A0-4232-AF0D-D3B4CF26EC46}.Debug|Mixed Platforms.Build.0 = Debug|Any CPU
		{E774770F-D5A0-4232-AF0D-D3B4CF26EC46}.Debug|Win32.ActiveCfg = Debug|Any CPU
		{E774770F-D5A0-4232-AF0D-D3B4CF26EC46}.Release|Any CPU.ActiveCfg = Release|Any CPU
		{E774770F-D5A0-4232-AF0D-D3B4CF26EC46}.Release|Any CPU.Build.0 = Release|Any CPU
		{E774770F-D5A0-4232-AF0D-D3B4CF26EC46}.Release|Mixed Platforms.ActiveCfg = Release|Any CPU
		{E774770F-D5A0-4232-AF0D-D3B4CF26EC46}.Release|Mixed Platforms.Build.0 = Release|Any CPU
		{E774770F-D5A0-4232-AF0D-D3B4CF26EC46}.Release|Win32.ActiveCfg = Release|Any CPU
		{8AC3DB63-D6C8-4988-B458-4B5927E5C56E}.Debug|Any CPU.ActiveCfg = Debug|Win32
		{8AC3DB63-D6C8-4988-B458-4B5927E5C56E}.Debug|Mixed Platforms.ActiveCfg = Debug|Win32
		{8AC3DB63-D6C8-4988-B458-4B5927E5C56E}.Debug|Mixed Platforms.Build.0 = Debug|Win32
		{8AC3DB63-D6C8-4988-B458-4B5927E5C56E}.Debug|Win32.ActiveCfg = Debug|Win32
		{8AC3DB63-D6C8-4988-B458-4B5927E5C56E}.Debug|Win32.Build.0 = Debug|Win32
		{8AC3DB63-D6C8-4988-B458-4B5927E5C56E}.Release|Any CPU.ActiveCfg = Release|Win32
		{8AC3DB63-D6C8-4988-B458-4B5927E5C56E}.Release|Mixed Platforms.ActiveCfg = Release|Win32
		{8AC3DB63-D6C8-4988-B458-4B5927E5C56E}.Release|Mixed Platforms.Build.0 = Release|Win32
		{8AC3DB63-D6C8-4988-B458-4B5927E5C56E}.Release|Win32.ActiveCfg = Release|Win32
		{8AC3DB63-D6C8-4988-B458-4B5927E5C56E}.Release|Win32.Build.0 = Release|Win32
	EndGlobalSection
	GlobalSection(SolutionProperties) = preSolution
		HideSolutionNode = FALSE
	EndGlobalSection
EndGlobal
